
Microsoft Visual Studio Solution File, Format Version 12.00
# Visual Studio Version 17
VisualStudioVersion = 17.3.32804.467
MinimumVisualStudioVersion = 10.0.40219.1
Project("{9A19103F-16F7-4668-BE54-9A1E7A4F7556}") = "SimpleDependencyInjection", "Source/SimpleDependencyInjection.csproj", "{664F6B96-35EB-41A1-95D8-B05615D7BEDA}"
EndProject
Project("{2150E333-8FDC-42A3-9474-1A3956D46DE8}") = "Solution Items", "Solution Items", "{C99654A6-2F8B-4AC5-91EC-EC9BF395A9C2}"
	ProjectSection(SolutionItems) = preProject
		.editorconfig = .editorconfig
	EndProjectSection
EndProject
Project("{FAE04EC0-301F-11D3-BF4B-00C04F79EFBC}") = "Tests", "Tests\Tests.csproj", "{B3ABCE29-F3A3-434B-9668-AB15B290904E}"
EndProject
Global
	GlobalSection(SolutionConfigurationPlatforms) = preSolution
		Debug|Any CPU = Debug|Any CPU
		Release|Any CPU = Release|Any CPU
	EndGlobalSection
	GlobalSection(ProjectConfigurationPlatforms) = postSolution
		{664F6B96-35EB-41A1-95D8-B05615D7BEDA}.Debug|Any CPU.ActiveCfg = Debug|Any CPU
		{664F6B96-35EB-41A1-95D8-B05615D7BEDA}.Debug|Any CPU.Build.0 = Debug|Any CPU
		{664F6B96-35EB-41A1-95D8-B05615D7BEDA}.Release|Any CPU.ActiveCfg = Release|Any CPU
		{664F6B96-35EB-41A1-95D8-B05615D7BEDA}.Release|Any CPU.Build.0 = Release|Any CPU
		{2CAF4512-C675-4BEA-BDCF-D04390EC2F62}.Debug|Any CPU.ActiveCfg = Debug|Any CPU
		{2CAF4512-C675-4BEA-BDCF-D04390EC2F62}.Debug|Any CPU.Build.0 = Debug|Any CPU
		{2CAF4512-C675-4BEA-BDCF-D04390EC2F62}.Release|Any CPU.ActiveCfg = Release|Any CPU
		{2CAF4512-C675-4BEA-BDCF-D04390EC2F62}.Release|Any CPU.Build.0 = Release|Any CPU
		{B3ABCE29-F3A3-434B-9668-AB15B290904E}.Debug|Any CPU.ActiveCfg = Debug|Any CPU
		{B3ABCE29-F3A3-434B-9668-AB15B290904E}.Debug|Any CPU.Build.0 = Debug|Any CPU
		{B3ABCE29-F3A3-434B-9668-AB15B290904E}.Release|Any CPU.ActiveCfg = Release|Any CPU
		{B3ABCE29-F3A3-434B-9668-AB15B290904E}.Release|Any CPU.Build.0 = Release|Any CPU
	EndGlobalSection
	GlobalSection(SolutionProperties) = preSolution
		HideSolutionNode = FALSE
	EndGlobalSection
	GlobalSection(ExtensibilityGlobals) = postSolution
		SolutionGuid = {1D0B3BD0-80D7-4122-888A-CCBD8427D78C}
	EndGlobalSection
EndGlobal
